
Microsoft Visual Studio Solution File, Format Version 11.00
# Visual C# Express 2010
Project("{FAE04EC0-301F-11D3-BF4B-00C04F79EFBC}") = "MyGengo", "MyGengo\MyGengo.csproj", "{6467FAEA-0C70-4FC9-8783-DC2AEA19A93F}"
EndProject
Project("{FAE04EC0-301F-11D3-BF4B-00C04F79EFBC}") = "MyGengo.Tests", "MyGengo.Tests\MyGengo.Tests.csproj", "{344C06E5-CFD0-42C1-A6A1-6133F81D0F53}"
EndProject
Global
	GlobalSection(SolutionConfigurationPlatforms) = preSolution
		Debug|Any CPU = Debug|Any CPU
		Release|Any CPU = Release|Any CPU
	EndGlobalSection
	GlobalSection(ProjectConfigurationPlatforms) = postSolution
		{6467FAEA-0C70-4FC9-8783-DC2AEA19A93F}.Debug|Any CPU.ActiveCfg = Debug|Any CPU
		{6467FAEA-0C70-4FC9-8783-DC2AEA19A93F}.Debug|Any CPU.Build.0 = Debug|Any CPU
		{6467FAEA-0C70-4FC9-8783-DC2AEA19A93F}.Release|Any CPU.ActiveCfg = Release|Any CPU
		{6467FAEA-0C70-4FC9-8783-DC2AEA19A93F}.Release|Any CPU.Build.0 = Release|Any CPU
		{344C06E5-CFD0-42C1-A6A1-6133F81D0F53}.Debug|Any CPU.ActiveCfg = Debug|Any CPU
		{344C06E5-CFD0-42C1-A6A1-6133F81D0F53}.Debug|Any CPU.Build.0 = Debug|Any CPU
		{344C06E5-CFD0-42C1-A6A1-6133F81D0F53}.Release|Any CPU.ActiveCfg = Release|Any CPU
		{344C06E5-CFD0-42C1-A6A1-6133F81D0F53}.Release|Any CPU.Build.0 = Release|Any CPU
	EndGlobalSection
	GlobalSection(SolutionProperties) = preSolution
		HideSolutionNode = FALSE
	EndGlobalSection
EndGlobal
